
Microsoft Visual Studio Solution File, Format Version 12.00
# Visual Studio Version 16
VisualStudioVersion = 16.0.30001.183
MinimumVisualStudioVersion = 10.0.40219.1
Project("{FAE04EC0-301F-11D3-BF4B-00C04F79EFBC}") = "NXHub.Home", "NXHub.Home\NXHub.Home.csproj", "{A33C728B-D584-4751-8A3B-A31B24EA8C57}"
EndProject
Global
	GlobalSection(SolutionConfigurationPlatforms) = preSolution
		Debug|Any CPU = Debug|Any CPU
		Release|Any CPU = Release|Any CPU
	EndGlobalSection
	GlobalSection(ProjectConfigurationPlatforms) = postSolution
		{A33C728B-D584-4751-8A3B-A31B24EA8C57}.Debug|Any CPU.ActiveCfg = Debug|Any CPU
		{A33C728B-D584-4751-8A3B-A31B24EA8C57}.Debug|Any CPU.Build.0 = Debug|Any CPU
		{A33C728B-D584-4751-8A3B-A31B24EA8C57}.Release|Any CPU.ActiveCfg = Release|Any CPU
		{A33C728B-D584-4751-8A3B-A31B24EA8C57}.Release|Any CPU.Build.0 = Release|Any CPU
	EndGlobalSection
	GlobalSection(SolutionProperties) = preSolution
		HideSolutionNode = FALSE
	EndGlobalSection
	GlobalSection(ExtensibilityGlobals) = postSolution
		SolutionGuid = {A6FDF7A6-2F24-47F2-8A2C-F8BED7171F6C}
	EndGlobalSection
EndGlobal
